
Microsoft Visual Studio Solution File, Format Version 12.00
# Visual Studio Version 17
VisualStudioVersion = 17.4.33205.214
MinimumVisualStudioVersion = 10.0.40219.1
Project("{9A19103F-16F7-4668-BE54-9A1E7A4F7556}") = "DapperBigData", "DapperBigData\DapperBigData.csproj", "{34F51DCD-2D0C-4F4E-AC71-86E3BBBE4647}"
EndProject
Global
	GlobalSection(SolutionConfigurationPlatforms) = preSolution
		Debug|Any CPU = Debug|Any CPU
		Release|Any CPU = Release|Any CPU
	EndGlobalSection
	GlobalSection(ProjectConfigurationPlatforms) = postSolution
		{34F51DCD-2D0C-4F4E-AC71-86E3BBBE4647}.Debug|Any CPU.ActiveCfg = Debug|Any CPU
		{34F51DCD-2D0C-4F4E-AC71-86E3BBBE4647}.Debug|Any CPU.Build.0 = Debug|Any CPU
		{34F51DCD-2D0C-4F4E-AC71-86E3BBBE4647}.Release|Any CPU.ActiveCfg = Release|Any CPU
		{34F51DCD-2D0C-4F4E-AC71-86E3BBBE4647}.Release|Any CPU.Build.0 = Release|Any CPU
	EndGlobalSection
	GlobalSection(SolutionProperties) = preSolution
		HideSolutionNode = FALSE
	EndGlobalSection
	GlobalSection(ExtensibilityGlobals) = postSolution
		SolutionGuid = {F7F60921-A12B-49C7-953B-B61CAC0AF6F0}
	EndGlobalSection
EndGlobal
